// !$*UTF8*$!
{
	archiveVersion = 1;
	classes = {
	};
	objectVersion = 46;
	objects = {

/* Begin PBXBuildFile section */
		044714AE1CAE8E6C007EDFA1 /* AppDelegate.swift in Sources */ = {isa = PBXBuildFile; fileRef = 044714AD1CAE8E6C007EDFA1 /* AppDelegate.swift */; };
		044714B01CAE8E6C007EDFA1 /* MapViewController.swift in Sources */ = {isa = PBXBuildFile; fileRef = 044714AF1CAE8E6C007EDFA1 /* MapViewController.swift */; };
		044714B31CAE8E6C007EDFA1 /* Main.storyboard in Resources */ = {isa = PBXBuildFile; fileRef = 044714B11CAE8E6C007EDFA1 /* Main.storyboard */; };
		044714B81CAE8E6C007EDFA1 /* Assets.xcassets in Resources */ = {isa = PBXBuildFile; fileRef = 044714B71CAE8E6C007EDFA1 /* Assets.xcassets */; };
		044714C61CAE8E6C007EDFA1 /* Virtual_TouristTests.swift in Sources */ = {isa = PBXBuildFile; fileRef = 044714C51CAE8E6C007EDFA1 /* Virtual_TouristTests.swift */; };
		044714D11CAE8E6C007EDFA1 /* Virtual_TouristUITests.swift in Sources */ = {isa = PBXBuildFile; fileRef = 044714D01CAE8E6C007EDFA1 /* Virtual_TouristUITests.swift */; };
		044714DF1CAE9211007EDFA1 /* CoreDataStackManager.swift in Sources */ = {isa = PBXBuildFile; fileRef = 044714DE1CAE9211007EDFA1 /* CoreDataStackManager.swift */; };
		044714E31CAEABFA007EDFA1 /* Photo.swift in Sources */ = {isa = PBXBuildFile; fileRef = 044714E11CAEABFA007EDFA1 /* Photo.swift */; };
		044714E41CAEABFA007EDFA1 /* Pin.swift in Sources */ = {isa = PBXBuildFile; fileRef = 044714E21CAEABFA007EDFA1 /* Pin.swift */; };
		04AA9A381CBB8896008EF97D /* MyAnnotation.swift in Sources */ = {isa = PBXBuildFile; fileRef = 04AA9A371CBB8896008EF97D /* MyAnnotation.swift */; };
		04B79D9D1CC33A050077D2FE /* PhotoViewController.swift in Sources */ = {isa = PBXBuildFile; fileRef = 04B79D9C1CC33A050077D2FE /* PhotoViewController.swift */; };
		04B79D9F1CC34EAA0077D2FE /* ImageCache.swift in Sources */ = {isa = PBXBuildFile; fileRef = 04B79D9E1CC34EAA0077D2FE /* ImageCache.swift */; };
		04B79DA11CC34EC70077D2FE /* FlickrDB.swift in Sources */ = {isa = PBXBuildFile; fileRef = 04B79DA01CC34EC70077D2FE /* FlickrDB.swift */; };
		04B79DA31CC394B40077D2FE /* PhotoCollectionViewCell.swift in Sources */ = {isa = PBXBuildFile; fileRef = 04B79DA21CC394B40077D2FE /* PhotoCollectionViewCell.swift */; };
		04D847F71CB29BF800F3DAA9 /* Model.xcdatamodeld in Sources */ = {isa = PBXBuildFile; fileRef = 04D847F51CB29BF800F3DAA9 /* Model.xcdatamodeld */; };
/* End PBXBuildFile section */

/* Begin PBXContainerItemProxy section */
		044714C21CAE8E6C007EDFA1 /* PBXContainerItemProxy */ = {
			isa = PBXContainerItemProxy;
			containerPortal = 044714A21CAE8E6C007EDFA1 /* Project object */;
			proxyType = 1;
			remoteGlobalIDString = 044714A91CAE8E6C007EDFA1;
			remoteInfo = "Virtual Tourist";
		};
		044714CD1CAE8E6C007EDFA1 /* PBXContainerItemProxy */ = {
			isa = PBXContainerItemProxy;
			containerPortal = 044714A21CAE8E6C007EDFA1 /* Project object */;
			proxyType = 1;
			remoteGlobalIDString = 044714A91CAE8E6C007EDFA1;
			remoteInfo = "Virtual Tourist";
		};
/* End PBXContainerItemProxy section */

/* Begin PBXFileReference section */
		044714AA1CAE8E6C007EDFA1 /* Virtual Tourist.app */ = {isa = PBXFileReference; explicitFileType = wrapper.application; includeInIndex = 0; path = "Virtual Tourist.app"; sourceTree = BUILT_PRODUCTS_DIR; };
		044714AD1CAE8E6C007EDFA1 /* AppDelegate.swift */ = {isa = PBXFileReference; lastKnownFileType = sourcecode.swift; path = AppDelegate.swift; sourceTree = "<group>"; };
		044714AF1CAE8E6C007EDFA1 /* MapViewController.swift */ = {isa = PBXFileReference; lastKnownFileType = sourcecode.swift; path = MapViewController.swift; sourceTree = "<group>"; };
		044714B21CAE8E6C007EDFA1 /* Base */ = {isa = PBXFileReference; lastKnownFileType = file.storyboard; name = Base; path = Base.lproj/Main.storyboard; sourceTree = "<group>"; };
		044714B71CAE8E6C007EDFA1 /* Assets.xcassets */ = {isa = PBXFileReference; lastKnownFileType = folder.assetcatalog; path = Assets.xcassets; sourceTree = "<group>"; };
		044714BC1CAE8E6C007EDFA1 /* Info.plist */ = {isa = PBXFileReference; lastKnownFileType = text.plist.xml; path = Info.plist; sourceTree = "<group>"; };
		044714C11CAE8E6C007EDFA1 /* Virtual TouristTests.xctest */ = {isa = PBXFileReference; explicitFileType = wrapper.cfbundle; includeInIndex = 0; path = "Virtual TouristTests.xctest"; sourceTree = BUILT_PRODUCTS_DIR; };
		044714C51CAE8E6C007EDFA1 /* Virtual_TouristTests.swift */ = {isa = PBXFileReference; lastKnownFileType = sourcecode.swift; path = Virtual_TouristTests.swift; sourceTree = "<group>"; };
		044714C71CAE8E6C007EDFA1 /* Info.plist */ = {isa = PBXFileReference; lastKnownFileType = text.plist.xml; path = Info.plist; sourceTree = "<group>"; };
		044714CC1CAE8E6C007EDFA1 /* Virtual TouristUITests.xctest */ = {isa = PBXFileReference; explicitFileType = wrapper.cfbundle; includeInIndex = 0; path = "Virtual TouristUITests.xctest"; sourceTree = BUILT_PRODUCTS_DIR; };
		044714D01CAE8E6C007EDFA1 /* Virtual_TouristUITests.swift */ = {isa = PBXFileReference; lastKnownFileType = sourcecode.swift; path = Virtual_TouristUITests.swift; sourceTree = "<group>"; };
		044714D21CAE8E6C007EDFA1 /* Info.plist */ = {isa = PBXFileReference; lastKnownFileType = text.plist.xml; path = Info.plist; sourceTree = "<group>"; };
		044714DE1CAE9211007EDFA1 /* CoreDataStackManager.swift */ = {isa = PBXFileReference; fileEncoding = 4; lastKnownFileType = sourcecode.swift; path = CoreDataStackManager.swift; sourceTree = "<group>"; };
		044714E11CAEABFA007EDFA1 /* Photo.swift */ = {isa = PBXFileReference; fileEncoding = 4; lastKnownFileType = sourcecode.swift; path = Photo.swift; sourceTree = "<group>"; };
		044714E21CAEABFA007EDFA1 /* Pin.swift */ = {isa = PBXFileReference; fileEncoding = 4; lastKnownFileType = sourcecode.swift; path = Pin.swift; sourceTree = "<group>"; };
		04AA9A371CBB8896008EF97D /* MyAnnotation.swift */ = {isa = PBXFileReference; fileEncoding = 4; lastKnownFileType = sourcecode.swift; path = MyAnnotation.swift; sourceTree = "<group>"; };
		04B79D9C1CC33A050077D2FE /* PhotoViewController.swift */ = {isa = PBXFileReference; fileEncoding = 4; lastKnownFileType = sourcecode.swift; path = PhotoViewController.swift; sourceTree = "<group>"; };
		04B79D9E1CC34EAA0077D2FE /* ImageCache.swift */ = {isa = PBXFileReference; fileEncoding = 4; lastKnownFileType = sourcecode.swift; path = ImageCache.swift; sourceTree = "<group>"; };
		04B79DA01CC34EC70077D2FE /* FlickrDB.swift */ = {isa = PBXFileReference; fileEncoding = 4; lastKnownFileType = sourcecode.swift; path = FlickrDB.swift; sourceTree = "<group>"; };
		04B79DA21CC394B40077D2FE /* PhotoCollectionViewCell.swift */ = {isa = PBXFileReference; fileEncoding = 4; lastKnownFileType = sourcecode.swift; path = PhotoCollectionViewCell.swift; sourceTree = "<group>"; };
		04D847F61CB29BF800F3DAA9 /* Model.xcdatamodel */ = {isa = PBXFileReference; lastKnownFileType = wrapper.xcdatamodel; path = Model.xcdatamodel; sourceTree = "<group>"; };
/* End PBXFileReference section */

/* Begin PBXFrameworksBuildPhase section */
		044714A71CAE8E6C007EDFA1 /* Frameworks */ = {
			isa = PBXFrameworksBuildPhase;
			buildActionMask = 2147483647;
			files = (
			);
			runOnlyForDeploymentPostprocessing = 0;
		};
		044714BE1CAE8E6C007EDFA1 /* Frameworks */ = {
			isa = PBXFrameworksBuildPhase;
			buildActionMask = 2147483647;
			files = (
			);
			runOnlyForDeploymentPostprocessing = 0;
		};
		044714C91CAE8E6C007EDFA1 /* Frameworks */ = {
			isa = PBXFrameworksBuildPhase;
			buildActionMask = 2147483647;
			files = (
			);
			runOnlyForDeploymentPostprocessing = 0;
		};
/* End PBXFrameworksBuildPhase section */

/* Begin PBXGroup section */
		044714A11CAE8E6C007EDFA1 = {
			isa = PBXGroup;
			children = (
				044714AC1CAE8E6C007EDFA1 /* Virtual Tourist */,
				044714C41CAE8E6C007EDFA1 /* Virtual TouristTests */,
				044714CF1CAE8E6C007EDFA1 /* Virtual TouristUITests */,
				044714AB1CAE8E6C007EDFA1 /* Products */,
			);
			sourceTree = "<group>";
		};
		044714AB1CAE8E6C007EDFA1 /* Products */ = {
			isa = PBXGroup;
			children = (
				044714AA1CAE8E6C007EDFA1 /* Virtual Tourist.app */,
				044714C11CAE8E6C007EDFA1 /* Virtual TouristTests.xctest */,
				044714CC1CAE8E6C007EDFA1 /* Virtual TouristUITests.xctest */,
			);
			name = Products;
			sourceTree = "<group>";
		};
		044714AC1CAE8E6C007EDFA1 /* Virtual Tourist */ = {
			isa = PBXGroup;
			children = (
				044714E01CAEABC5007EDFA1 /* Model */,
				044714DE1CAE9211007EDFA1 /* CoreDataStackManager.swift */,
				044714AD1CAE8E6C007EDFA1 /* AppDelegate.swift */,
				044714AF1CAE8E6C007EDFA1 /* MapViewController.swift */,
				044714B11CAE8E6C007EDFA1 /* Main.storyboard */,
				044714B71CAE8E6C007EDFA1 /* Assets.xcassets */,
				044714BC1CAE8E6C007EDFA1 /* Info.plist */,
				04D847F51CB29BF800F3DAA9 /* Model.xcdatamodeld */,
				04B79D9C1CC33A050077D2FE /* PhotoViewController.swift */,
			);
			path = "Virtual Tourist";
			sourceTree = "<group>";
		};
		044714C41CAE8E6C007EDFA1 /* Virtual TouristTests */ = {
			isa = PBXGroup;
			children = (
				044714C51CAE8E6C007EDFA1 /* Virtual_TouristTests.swift */,
				044714C71CAE8E6C007EDFA1 /* Info.plist */,
			);
			path = "Virtual TouristTests";
			sourceTree = "<group>";
		};
		044714CF1CAE8E6C007EDFA1 /* Virtual TouristUITests */ = {
			isa = PBXGroup;
			children = (
				044714D01CAE8E6C007EDFA1 /* Virtual_TouristUITests.swift */,
				044714D21CAE8E6C007EDFA1 /* Info.plist */,
			);
			path = "Virtual TouristUITests";
			sourceTree = "<group>";
		};
		044714E01CAEABC5007EDFA1 /* Model */ = {
			isa = PBXGroup;
			children = (
				04B79DA21CC394B40077D2FE /* PhotoCollectionViewCell.swift */,
				04B79DA01CC34EC70077D2FE /* FlickrDB.swift */,
				044714E11CAEABFA007EDFA1 /* Photo.swift */,
				04B79D9E1CC34EAA0077D2FE /* ImageCache.swift */,
				044714E21CAEABFA007EDFA1 /* Pin.swift */,
				04AA9A371CBB8896008EF97D /* MyAnnotation.swift */,
			);
			name = Model;
			sourceTree = "<group>";
		};
/* End PBXGroup section */

/* Begin PBXNativeTarget section */
		044714A91CAE8E6C007EDFA1 /* Virtual Tourist */ = {
			isa = PBXNativeTarget;
			buildConfigurationList = 044714D51CAE8E6C007EDFA1 /* Build configuration list for PBXNativeTarget "Virtual Tourist" */;
			buildPhases = (
				044714A61CAE8E6C007EDFA1 /* Sources */,
				044714A71CAE8E6C007EDFA1 /* Frameworks */,
				044714A81CAE8E6C007EDFA1 /* Resources */,
			);
			buildRules = (
			);
			dependencies = (
			);
			name = "Virtual Tourist";
			productName = "Virtual Tourist";
			productReference = 044714AA1CAE8E6C007EDFA1 /* Virtual Tourist.app */;
			productType = "com.apple.product-type.application";
		};
		044714C01CAE8E6C007EDFA1 /* Virtual TouristTests */ = {
			isa = PBXNativeTarget;
			buildConfigurationList = 044714D81CAE8E6C007EDFA1 /* Build configuration list for PBXNativeTarget "Virtual TouristTests" */;
			buildPhases = (
				044714BD1CAE8E6C007EDFA1 /* Sources */,
				044714BE1CAE8E6C007EDFA1 /* Frameworks */,
				044714BF1CAE8E6C007EDFA1 /* Resources */,
			);
			buildRules = (
			);
			dependencies = (
				044714C31CAE8E6C007EDFA1 /* PBXTargetDependency */,
			);
			name = "Virtual TouristTests";
			productName = "Virtual TouristTests";
			productReference = 044714C11CAE8E6C007EDFA1 /* Virtual TouristTests.xctest */;
			productType = "com.apple.product-type.bundle.unit-test";
		};
		044714CB1CAE8E6C007EDFA1 /* Virtual TouristUITests */ = {
			isa = PBXNativeTarget;
			buildConfigurationList = 044714DB1CAE8E6C007EDFA1 /* Build configuration list for PBXNativeTarget "Virtual TouristUITests" */;
			buildPhases = (
				044714C81CAE8E6C007EDFA1 /* Sources */,
				044714C91CAE8E6C007EDFA1 /* Frameworks */,
				044714CA1CAE8E6C007EDFA1 /* Resources */,
			);
			buildRules = (
			);
			dependencies = (
				044714CE1CAE8E6C007EDFA1 /* PBXTargetDependency */,
			);
			name = "Virtual TouristUITests";
			productName = "Virtual TouristUITests";
			productReference = 044714CC1CAE8E6C007EDFA1 /* Virtual TouristUITests.xctest */;
			productType = "com.apple.product-type.bundle.ui-testing";
		};
/* End PBXNativeTarget section */

/* Begin PBXProject section */
		044714A21CAE8E6C007EDFA1 /* Project object */ = {
			isa = PBXProject;
			attributes = {
				LastSwiftUpdateCheck = 0720;
				LastUpgradeCheck = 0720;
				ORGANIZATIONNAME = "Kalpesh Balar";
				TargetAttributes = {
					044714A91CAE8E6C007EDFA1 = {
						CreatedOnToolsVersion = 7.2;
					};
					044714C01CAE8E6C007EDFA1 = {
						CreatedOnToolsVersion = 7.2;
						TestTargetID = 044714A91CAE8E6C007EDFA1;
					};
					044714CB1CAE8E6C007EDFA1 = {
						CreatedOnToolsVersion = 7.2;
						TestTargetID = 044714A91CAE8E6C007EDFA1;
					};
				};
			};
			buildConfigurationList = 044714A51CAE8E6C007EDFA1 /* Build configuration list for PBXProject "Virtual Tourist" */;
			compatibilityVersion = "Xcode 3.2";
			developmentRegion = English;
			hasScannedForEncodings = 0;
			knownRegions = (
				en,
				Base,
			);
			mainGroup = 044714A11CAE8E6C007EDFA1;
			productRefGroup = 044714AB1CAE8E6C007EDFA1 /* Products */;
			projectDirPath = "";
			projectRoot = "";
			targets = (
				044714A91CAE8E6C007EDFA1 /* Virtual Tourist */,
				044714C01CAE8E6C007EDFA1 /* Virtual TouristTests */,
				044714CB1CAE8E6C007EDFA1 /* Virtual TouristUITests */,
			);
		};
/* End PBXProject section */

/* Begin PBXResourcesBuildPhase section */
		044714A81CAE8E6C007EDFA1 /* Resources */ = {
			isa = PBXResourcesBuildPhase;
			buildActionMask = 2147483647;
			files = (
				044714B81CAE8E6C007EDFA1 /* Assets.xcassets in Resources */,
				044714B31CAE8E6C007EDFA1 /* Main.storyboard in Resources */,
			);
			runOnlyForDeploymentPostprocessing = 0;
		};
		044714BF1CAE8E6C007EDFA1 /* Resources */ = {
			isa = PBXResourcesBuildPhase;
			buildActionMask = 2147483647;
			files = (
			);
			runOnlyForDeploymentPostprocessing = 0;
		};
		044714CA1CAE8E6C007EDFA1 /* Resources */ = {
			isa = PBXResourcesBuildPhase;
			buildActionMask = 2147483647;
			files = (
			);
			runOnlyForDeploymentPostprocessing = 0;
		};
/* End PBXResourcesBuildPhase section */

/* Begin PBXSourcesBuildPhase section */
		044714A61CAE8E6C007EDFA1 /* Sources */ = {
			isa = PBXSourcesBuildPhase;
			buildActionMask = 2147483647;
			files = (
				04AA9A381CBB8896008EF97D /* MyAnnotation.swift in Sources */,
				044714E41CAEABFA007EDFA1 /* Pin.swift in Sources */,
				044714B01CAE8E6C007EDFA1 /* MapViewController.swift in Sources */,
				04B79D9F1CC34EAA0077D2FE /* ImageCache.swift in Sources */,
				044714DF1CAE9211007EDFA1 /* CoreDataStackManager.swift in Sources */,
				044714AE1CAE8E6C007EDFA1 /* AppDelegate.swift in Sources */,
				04B79D9D1CC33A050077D2FE /* PhotoViewController.swift in Sources */,
				044714E31CAEABFA007EDFA1 /* Photo.swift in Sources */,
				04B79DA11CC34EC70077D2FE /* FlickrDB.swift in Sources */,
				04B79DA31CC394B40077D2FE /* PhotoCollectionViewCell.swift in Sources */,
				04D847F71CB29BF800F3DAA9 /* Model.xcdatamodeld in Sources */,
			);
			runOnlyForDeploymentPostprocessing = 0;
		};
		044714BD1CAE8E6C007EDFA1 /* Sources */ = {
			isa = PBXSourcesBuildPhase;
			buildActionMask = 2147483647;
			files = (
				044714C61CAE8E6C007EDFA1 /* Virtual_TouristTests.swift in Sources */,
			);
			runOnlyForDeploymentPostprocessing = 0;
		};
		044714C81CAE8E6C007EDFA1 /* Sources */ = {
			isa = PBXSourcesBuildPhase;
			buildActionMask = 2147483647;
			files = (
				044714D11CAE8E6C007EDFA1 /* Virtual_TouristUITests.swift in Sources */,
			);
			runOnlyForDeploymentPostprocessing = 0;
		};
/* End PBXSourcesBuildPhase section */

/* Begin PBXTargetDependency section */
		044714C31CAE8E6C007EDFA1 /* PBXTargetDependency */ = {
			isa = PBXTargetDependency;
			target = 044714A91CAE8E6C007EDFA1 /* Virtual Tourist */;
			targetProxy = 044714C21CAE8E6C007EDFA1 /* PBXContainerItemProxy */;
		};
		044714CE1CAE8E6C007EDFA1 /* PBXTargetDependency */ = {
			isa = PBXTargetDependency;
			target = 044714A91CAE8E6C007EDFA1 /* Virtual Tourist */;
			targetProxy = 044714CD1CAE8E6C007EDFA1 /* PBXContainerItemProxy */;
		};
/* End PBXTargetDependency section */

/* Begin PBXVariantGroup section */
		044714B11CAE8E6C007EDFA1 /* Main.storyboard */ = {
			isa = PBXVariantGroup;
			children = (
				044714B21CAE8E6C007EDFA1 /* Base */,
			);
			name = Main.storyboard;
			sourceTree = "<group>";
		};
/* End PBXVariantGroup section */

/* Begin XCBuildConfiguration section */
		044714D31CAE8E6C007EDFA1 /* Debug */ = {
			isa = XCBuildConfiguration;
			buildSettings = {
				ALWAYS_SEARCH_USER_PATHS = NO;
				CLANG_CXX_LANGUAGE_STANDARD = "gnu++0x";
				CLANG_CXX_LIBRARY = "libc++";
				CLANG_ENABLE_MODULES = YES;
				CLANG_ENABLE_OBJC_ARC = YES;
				CLANG_WARN_BOOL_CONVERSION = YES;
				CLANG_WARN_CONSTANT_CONVERSION = YES;
				CLANG_WARN_DIRECT_OBJC_ISA_USAGE = YES_ERROR;
				CLANG_WARN_EMPTY_BODY = YES;
				CLANG_WARN_ENUM_CONVERSION = YES;
				CLANG_WARN_INT_CONVERSION = YES;
				CLANG_WARN_OBJC_ROOT_CLASS = YES_ERROR;
				CLANG_WARN_UNREACHABLE_CODE = YES;
				CLANG_WARN__DUPLICATE_METHOD_MATCH = YES;
				"CODE_SIGN_IDENTITY[sdk=iphoneos*]" = "iPhone Developer";
				COPY_PHASE_STRIP = NO;
				DEBUG_INFORMATION_FORMAT = dwarf;
				ENABLE_STRICT_OBJC_MSGSEND = YES;
				ENABLE_TESTABILITY = YES;
				GCC_C_LANGUAGE_STANDARD = gnu99;
				GCC_DYNAMIC_NO_PIC = NO;
				GCC_NO_COMMON_BLOCKS = YES;
				GCC_OPTIMIZATION_LEVEL = 0;
				GCC_PREPROCESSOR_DEFINITIONS = (
					"DEBUG=1",
					"$(inherited)",
				);
				GCC_WARN_64_TO_32_BIT_CONVERSION = YES;
				GCC_WARN_ABOUT_RETURN_TYPE = YES_ERROR;
				GCC_WARN_UNDECLARED_SELECTOR = YES;
				GCC_WARN_UNINITIALIZED_AUTOS = YES_AGGRESSIVE;
				GCC_WARN_UNUSED_FUNCTION = YES;
				GCC_WARN_UNUSED_VARIABLE = YES;
				IPHONEOS_DEPLOYMENT_TARGET = 9.2;
				MTL_ENABLE_DEBUG_INFO = YES;
				ONLY_ACTIVE_ARCH = YES;
				SDKROOT = iphoneos;
				SWIFT_OPTIMIZATION_LEVEL = "-Onone";
			};
			name = Debug;
		};
		044714D41CAE8E6C007EDFA1 /* Release */ = {
			isa = XCBuildConfiguration;
			buildSettings = {
				ALWAYS_SEARCH_USER_PATHS = NO;
				CLANG_CXX_LANGUAGE_STANDARD = "gnu++0x";
				CLANG_CXX_LIBRARY = "libc++";
				CLANG_ENABLE_MODULES = YES;
				CLANG_ENABLE_OBJC_ARC = YES;
				CLANG_WARN_BOOL_CONVERSION = YES;
				CLANG_WARN_CONSTANT_CONVERSION = YES;
				CLANG_WARN_DIRECT_OBJC_ISA_USAGE = YES_ERROR;
				CLANG_WARN_EMPTY_BODY = YES;
				CLANG_WARN_ENUM_CONVERSION = YES;
				CLANG_WARN_INT_CONVERSION = YES;
				CLANG_WARN_OBJC_ROOT_CLASS = YES_ERROR;
				CLANG_WARN_UNREACHABLE_CODE = YES;
				CLANG_WARN__DUPLICATE_METHOD_MATCH = YES;
				"CODE_SIGN_IDENTITY[sdk=iphoneos*]" = "iPhone Developer";
				COPY_PHASE_STRIP = NO;
				DEBUG_INFORMATION_FORMAT = "dwarf-with-dsym";
				ENABLE_NS_ASSERTIONS = NO;
				ENABLE_STRICT_OBJC_MSGSEND = YES;
				GCC_C_LANGUAGE_STANDARD = gnu99;
				GCC_NO_COMMON_BLOCKS = YES;
				GCC_WARN_64_TO_32_BIT_CONVERSION = YES;
				GCC_WARN_ABOUT_RETURN_TYPE = YES_ERROR;
				GCC_WARN_UNDECLARED_SELECTOR = YES;
				GCC_WARN_UNINITIALIZED_AUTOS = YES_AGGRESSIVE;
				GCC_WARN_UNUSED_FUNCTION = YES;
				GCC_WARN_UNUSED_VARIABLE = YES;
				IPHONEOS_DEPLOYMENT_TARGET = 9.2;
				MTL_ENABLE_DEBUG_INFO = NO;
				SDKROOT = iphoneos;
				VALIDATE_PRODUCT = YES;
			};
			name = Release;
		};
		044714D61CAE8E6C007EDFA1 /* Debug */ = {
			isa = XCBuildConfiguration;
			buildSettings = {
				ASSETCATALOG_COMPILER_APPICON_NAME = AppIcon;
				INFOPLIST_FILE = "Virtual Tourist/Info.plist";
				LD_RUNPATH_SEARCH_PATHS = "$(inherited) @executable_path/Frameworks";
				PRODUCT_BUNDLE_IDENTIFIER = "com.kalpesh.Virtual-Tourist";
				PRODUCT_NAME = "$(TARGET_NAME)";
			};
			name = Debug;
		};
		044714D71CAE8E6C007EDFA1 /* Release */ = {
			isa = XCBuildConfiguration;
			buildSettings = {
				ASSETCATALOG_COMPILER_APPICON_NAME = AppIcon;
				INFOPLIST_FILE = "Virtual Tourist/Info.plist";
				LD_RUNPATH_SEARCH_PATHS = "$(inherited) @executable_path/Frameworks";
				PRODUCT_BUNDLE_IDENTIFIER = "com.kalpesh.Virtual-Tourist";
				PRODUCT_NAME = "$(TARGET_NAME)";
			};
			name = Release;
		};
		044714D91CAE8E6C007EDFA1 /* Debug */ = {
			isa = XCBuildConfiguration;
			buildSettings = {
				BUNDLE_LOADER = "$(TEST_HOST)";
				INFOPLIST_FILE = "Virtual TouristTests/Info.plist";
				LD_RUNPATH_SEARCH_PATHS = "$(inherited) @executable_path/Frameworks @loader_path/Frameworks";
				PRODUCT_BUNDLE_IDENTIFIER = "com.kalpesh.Virtual-TouristTests";
				PRODUCT_NAME = "$(TARGET_NAME)";
				TEST_HOST = "$(BUILT_PRODUCTS_DIR)/Virtual Tourist.app/Virtual Tourist";
			};
			name = Debug;
		};
		044714DA1CAE8E6C007EDFA1 /* Release */ = {
			isa = XCBuildConfiguration;
			buildSettings = {
				BUNDLE_LOADER = "$(TEST_HOST)";
				INFOPLIST_FILE = "Virtual TouristTests/Info.plist";
				LD_RUNPATH_SEARCH_PATHS = "$(inherited) @executable_path/Frameworks @loader_path/Frameworks";
				PRODUCT_BUNDLE_IDENTIFIER = "com.kalpesh.Virtual-TouristTests";
				PRODUCT_NAME = "$(TARGET_NAME)";
				TEST_HOST = "$(BUILT_PRODUCTS_DIR)/Virtual Tourist.app/Virtual Tourist";
			};
			name = Release;
		};
		044714DC1CAE8E6C007EDFA1 /* Debug */ = {
			isa = XCBuildConfiguration;
			buildSettings = {
				INFOPLIST_FILE = "Virtual TouristUITests/Info.plist";
				LD_RUNPATH_SEARCH_PATHS = "$(inherited) @executable_path/Frameworks @loader_path/Frameworks";
				PRODUCT_BUNDLE_IDENTIFIER = "com.kalpesh.Virtual-TouristUITests";
				PRODUCT_NAME = "$(TARGET_NAME)";
				TEST_TARGET_NAME = "Virtual Tourist";
				USES_XCTRUNNER = YES;
			};
			name = Debug;
		};
		044714DD1CAE8E6C007EDFA1 /* Release */ = {
			isa = XCBuildConfiguration;
			buildSettings = {
				INFOPLIST_FILE = "Virtual TouristUITests/Info.plist";
				LD_RUNPATH_SEARCH_PATHS = "$(inherited) @executable_path/Frameworks @loader_path/Frameworks";
				PRODUCT_BUNDLE_IDENTIFIER = "com.kalpesh.Virtual-TouristUITests";
				PRODUCT_NAME = "$(TARGET_NAME)";
				TEST_TARGET_NAME = "Virtual Tourist";
				USES_XCTRUNNER = YES;
			};
			name = Release;
		};
/* End XCBuildConfiguration section */

/* Begin XCConfigurationList section */
		044714A51CAE8E6C007EDFA1 /* Build configuration list for PBXProject "Virtual Tourist" */ = {
			isa = XCConfigurationList;
			buildConfigurations = (
				044714D31CAE8E6C007EDFA1 /* Debug */,
				044714D41CAE8E6C007EDFA1 /* Release */,
			);
			defaultConfigurationIsVisible = 0;
			defaultConfigurationName = Release;
		};
		044714D51CAE8E6C007EDFA1 /* Build configuration list for PBXNativeTarget "Virtual Tourist" */ = {
			isa = XCConfigurationList;
			buildConfigurations = (
				044714D61CAE8E6C007EDFA1 /* Debug */,
				044714D71CAE8E6C007EDFA1 /* Release */,
			);
			defaultConfigurationIsVisible = 0;
			defaultConfigurationName = Release;
		};
		044714D81CAE8E6C007EDFA1 /* Build configuration list for PBXNativeTarget "Virtual TouristTests" */ = {
			isa = XCConfigurationList;
			buildConfigurations = (
				044714D91CAE8E6C007EDFA1 /* Debug */,
				044714DA1CAE8E6C007EDFA1 /* Release */,
			);
			defaultConfigurationIsVisible = 0;
			defaultConfigurationName = Release;
		};
		044714DB1CAE8E6C007EDFA1 /* Build configuration list for PBXNativeTarget "Virtual TouristUITests" */ = {
			isa = XCConfigurationList;
			buildConfigurations = (
				044714DC1CAE8E6C007EDFA1 /* Debug */,
				044714DD1CAE8E6C007EDFA1 /* Release */,
			);
			defaultConfigurationIsVisible = 0;
			defaultConfigurationName = Release;
		};
/* End XCConfigurationList section */

/* Begin XCVersionGroup section */
		04D847F51CB29BF800F3DAA9 /* Model.xcdatamodeld */ = {
			isa = XCVersionGroup;
			children = (
				04D847F61CB29BF800F3DAA9 /* Model.xcdatamodel */,
			);
			currentVersion = 04D847F61CB29BF800F3DAA9 /* Model.xcdatamodel */;
			path = Model.xcdatamodeld;
			sourceTree = "<group>";
			versionGroupType = wrapper.xcdatamodel;
		};
/* End XCVersionGroup section */
	};
	rootObject = 044714A21CAE8E6C007EDFA1 /* Project object */;
}
